
Microsoft Visual Studio Solution File, Format Version 12.00
# Visual Studio 15
Project("{FAE04EC0-301F-11D3-BF4B-00C04F79EFBC}") = "UnityEngine.UI", "UnityEngine.UI.csproj", "{24667AAF-4FDB-946D-0F51-500E50667910}"
EndProject
Project("{FAE04EC0-301F-11D3-BF4B-00C04F79EFBC}") = "Assembly-CSharp", "Assembly-CSharp.csproj", "{4C0A36CB-82A8-26F0-279C-DD2BEBC7C105}"
EndProject
Project("{FAE04EC0-301F-11D3-BF4B-00C04F79EFBC}") = "UnityEngine.TestRunner", "UnityEngine.TestRunner.csproj", "{E8CE6DFD-3AFB-7BFA-7C89-51062E95804A}"
EndProject
Project("{FAE04EC0-301F-11D3-BF4B-00C04F79EFBC}") = "UnityEngine.Purchasing.Stores", "UnityEngine.Purchasing.Stores.csproj", "{6BAECE66-8296-EB84-E38C-132C54679BDF}"
EndProject
Project("{FAE04EC0-301F-11D3-BF4B-00C04F79EFBC}") = "UniTask", "UniTask.csproj", "{57286BE9-9343-2ACB-033D-1969260C8541}"
EndProject
Project("{FAE04EC0-301F-11D3-BF4B-00C04F79EFBC}") = "Unity.Services.Core.Telemetry", "Unity.Services.Core.Telemetry.csproj", "{A6D64FE4-AB6F-7FA6-626E-9836954AED6C}"
EndProject
Project("{FAE04EC0-301F-11D3-BF4B-00C04F79EFBC}") = "UnityEngine.Purchasing.WinRTCore", "UnityEngine.Purchasing.WinRTCore.csproj", "{628F2DE1-A91B-CD38-9805-0735ECE0CD9D}"
EndProject
Project("{FAE04EC0-301F-11D3-BF4B-00C04F79EFBC}") = "Assembly-CSharp-firstpass", "Assembly-CSharp-firstpass.csproj", "{501BF84D-DB09-A332-F6A9-64D803991C0F}"
EndProject
Project("{FAE04EC0-301F-11D3-BF4B-00C04F79EFBC}") = "StompyRobot.SRF", "StompyRobot.SRF.csproj", "{A3212443-7D53-DE11-07BD-5A287AF4AAA2}"
EndProject
Project("{FAE04EC0-301F-11D3-BF4B-00C04F79EFBC}") = "UniTask.Linq", "UniTask.Linq.csproj", "{97B09D83-781A-B648-A00B-9F5195CE19C8}"
EndProject
Project("{FAE04EC0-301F-11D3-BF4B-00C04F79EFBC}") = "UnityEngine.Purchasing.AppleCore", "UnityEngine.Purchasing.AppleCore.csproj", "{B7840E57-71F7-067A-61ED-9A3805432EBB}"
EndProject
Project("{FAE04EC0-301F-11D3-BF4B-00C04F79EFBC}") = "StompyRobot.SRDebugger", "StompyRobot.SRDebugger.csproj", "{69FF5B98-56C6-20DE-0983-6233FCED07F4}"
EndProject
Project("{FAE04EC0-301F-11D3-BF4B-00C04F79EFBC}") = "Unity.Services.Core.Environments.Internal", "Unity.Services.Core.Environments.Internal.csproj", "{045264D3-7DFD-F420-B3D8-466A97DA0C48}"
EndProject
Project("{FAE04EC0-301F-11D3-BF4B-00C04F79EFBC}") = "Unity.TextMeshPro", "Unity.TextMeshPro.csproj", "{48DE152E-0F26-9A9E-67E3-03B1333FD6F3}"
EndProject
Project("{FAE04EC0-301F-11D3-BF4B-00C04F79EFBC}") = "Unity.Timeline", "Unity.Timeline.csproj", "{6E5CEF57-D50B-C6B0-507C-952DA7052EC9}"
EndProject
Project("{FAE04EC0-301F-11D3-BF4B-00C04F79EFBC}") = "Unity.Services.Core", "Unity.Services.Core.csproj", "{94EE45C0-4675-7527-FAA5-74A01AB586D6}"
EndProject
Project("{FAE04EC0-301F-11D3-BF4B-00C04F79EFBC}") = "AppsFlyer", "AppsFlyer.csproj", "{44CD1255-0F1E-FBFB-236F-8F16E83FE225}"
EndProject
Project("{FAE04EC0-301F-11D3-BF4B-00C04F79EFBC}") = "UnityEngine.Purchasing", "UnityEngine.Purchasing.csproj", "{3420F43B-4FC6-632D-3BAA-6BC1F5CDF1E2}"
EndProject
Project("{FAE04EC0-301F-11D3-BF4B-00C04F79EFBC}") = "Unity.Services.Core.Environments", "Unity.Services.Core.Environments.csproj", "{081F982A-F6E7-76B9-21A3-548883EA15BA}"
EndProject
Project("{FAE04EC0-301F-11D3-BF4B-00C04F79EFBC}") = "Unity.Services.Core.Internal", "Unity.Services.Core.Internal.csproj", "{A892358A-E003-CD5D-1E70-3D7E0A3148C0}"
EndProject
Project("{FAE04EC0-301F-11D3-BF4B-00C04F79EFBC}") = "Unity.Services.Core.Analytics", "Unity.Services.Core.Analytics.csproj", "{85D9EB06-6F40-1586-E3AF-9D567F9A1F89}"
EndProject
Project("{FAE04EC0-301F-11D3-BF4B-00C04F79EFBC}") = "UnityEngine.Purchasing.SecurityStub", "UnityEngine.Purchasing.SecurityStub.csproj", "{B554DFBB-12CF-8A37-1CD4-D6C1FF9C5D76}"
EndProject
Project("{FAE04EC0-301F-11D3-BF4B-00C04F79EFBC}") = "UniTask.DOTween", "UniTask.DOTween.csproj", "{FFA7F196-789D-DBE5-5328-38D3DDD5384D}"
EndProject
Project("{FAE04EC0-301F-11D3-BF4B-00C04F79EFBC}") = "Unity.Services.Core.Scheduler", "Unity.Services.Core.Scheduler.csproj", "{B4B776B5-3BCA-039A-494A-AA4EB8AB221F}"
EndProject
Project("{FAE04EC0-301F-11D3-BF4B-00C04F79EFBC}") = "Purchasing.Common", "Purchasing.Common.csproj", "{87C4DE3B-5A69-D4DF-2DCD-BCD0CD80E868}"
EndProject
Project("{FAE04EC0-301F-11D3-BF4B-00C04F79EFBC}") = "Unity.Services.Core.Registration", "Unity.Services.Core.Registration.csproj", "{4E53CACD-AF01-4113-2016-A69796487C24}"
EndProject
Project("{FAE04EC0-301F-11D3-BF4B-00C04F79EFBC}") = "Unity.Services.Core.Device", "Unity.Services.Core.Device.csproj", "{65889FC0-A02F-C01F-C7D3-DCCCB212140F}"
EndProject
Project("{FAE04EC0-301F-11D3-BF4B-00C04F79EFBC}") = "UnityEngine.Purchasing.SecurityCore", "UnityEngine.Purchasing.SecurityCore.csproj", "{1D9C8433-CAD7-B08A-A751-91C70B2C57D6}"
EndProject
Project("{FAE04EC0-301F-11D3-BF4B-00C04F79EFBC}") = "UnityEngine.Purchasing.WinRTStub", "UnityEngine.Purchasing.WinRTStub.csproj", "{12F99AC5-553B-E125-5CE9-610E76B2E859}"
EndProject
Project("{FAE04EC0-301F-11D3-BF4B-00C04F79EFBC}") = "Unity.Services.Core.Threading", "Unity.Services.Core.Threading.csproj", "{0CFE14BB-ECA7-CBFF-91F5-9C4367610FE7}"
EndProject
Project("{FAE04EC0-301F-11D3-BF4B-00C04F79EFBC}") = "MaxSdk.Scripts", "MaxSdk.Scripts.csproj", "{E444010E-B13D-B04B-6021-EED10AA6FE1E}"
EndProject
Project("{FAE04EC0-301F-11D3-BF4B-00C04F79EFBC}") = "Unity.Services.Core.Networking", "Unity.Services.Core.Networking.csproj", "{131A0DFE-EA11-14F5-424E-1020294F57B8}"
EndProject
Project("{FAE04EC0-301F-11D3-BF4B-00C04F79EFBC}") = "Unity.Recorder", "Unity.Recorder.csproj", "{33D92588-6F63-CA95-A0CB-41489DD3A293}"
EndProject
Project("{FAE04EC0-301F-11D3-BF4B-00C04F79EFBC}") = "UnityEngine.Purchasing.AppleMacosStub", "UnityEngine.Purchasing.AppleMacosStub.csproj", "{18E4E28B-0582-B411-56B7-D18A33996EB3}"
EndProject
Project("{FAE04EC0-301F-11D3-BF4B-00C04F79EFBC}") = "UnityEngine.Purchasing.Codeless", "UnityEngine.Purchasing.Codeless.csproj", "{E0A1F37D-DB8A-632B-2F03-9732FB88833A}"
EndProject
Project("{FAE04EC0-301F-11D3-BF4B-00C04F79EFBC}") = "UniTask.TextMeshPro", "UniTask.TextMeshPro.csproj", "{93E865C2-2BF8-D683-5F34-93063FAF8E1D}"
EndProject
Project("{FAE04EC0-301F-11D3-BF4B-00C04F79EFBC}") = "Unity.Recorder.Base", "Unity.Recorder.Base.csproj", "{6F7DA3F6-DDD9-5EB9-8EE1-A616AB3C75F4}"
EndProject
Project("{FAE04EC0-301F-11D3-BF4B-00C04F79EFBC}") = "Unity.Services.Core.Configuration", "Unity.Services.Core.Configuration.csproj", "{6ABFB0A4-A445-A99D-C314-64EA1155CA46}"
EndProject
Project("{FAE04EC0-301F-11D3-BF4B-00C04F79EFBC}") = "Tests", "Tests.csproj", "{E827831B-E432-67DB-A6E4-8DD8E98C8F11}"
EndProject
Project("{FAE04EC0-301F-11D3-BF4B-00C04F79EFBC}") = "UnityEngine.Purchasing.AppleStub", "UnityEngine.Purchasing.AppleStub.csproj", "{29410BE7-D067-960F-B4B6-EA7D7A01210E}"
EndProject
Project("{FAE04EC0-301F-11D3-BF4B-00C04F79EFBC}") = "UniTask.Addressables", "UniTask.Addressables.csproj", "{3F1F9A41-7526-2270-A7EE-439B73663E24}"
EndProject
Project("{FAE04EC0-301F-11D3-BF4B-00C04F79EFBC}") = "Unity.PlasticSCM.Editor", "Unity.PlasticSCM.Editor.csproj", "{39D1283F-194B-20DF-D60D-4FE6B2821470}"
EndProject
Project("{FAE04EC0-301F-11D3-BF4B-00C04F79EFBC}") = "UnityEditor.Purchasing", "UnityEditor.Purchasing.csproj", "{076BEC17-E507-6360-22BC-C017288DD920}"
EndProject
Project("{FAE04EC0-301F-11D3-BF4B-00C04F79EFBC}") = "Unity.VisualStudio.Editor", "Unity.VisualStudio.Editor.csproj", "{D6619ECA-5075-B1D3-93D3-E3E418ADC15C}"
EndProject
Project("{FAE04EC0-301F-11D3-BF4B-00C04F79EFBC}") = "Unity.Timeline.Editor", "Unity.Timeline.Editor.csproj", "{7828BAD7-ACA7-9CDF-C171-C92673952AB1}"
EndProject
Project("{FAE04EC0-301F-11D3-BF4B-00C04F79EFBC}") = "Unity.Recorder.Editor", "Unity.Recorder.Editor.csproj", "{C99102E3-5069-AC22-A3AF-D9148A536A2D}"
EndProject
Project("{FAE04EC0-301F-11D3-BF4B-00C04F79EFBC}") = "Unity.Services.Core.Editor", "Unity.Services.Core.Editor.csproj", "{CB97E499-93CF-F983-4710-9057EED78F99}"
EndProject
Project("{FAE04EC0-301F-11D3-BF4B-00C04F79EFBC}") = "Unity.TextMeshPro.Editor", "Unity.TextMeshPro.Editor.csproj", "{402E0E33-7D68-CEE8-6446-4F83A9F7356A}"
EndProject
Project("{FAE04EC0-301F-11D3-BF4B-00C04F79EFBC}") = "Unity.CollabProxy.Editor", "Unity.CollabProxy.Editor.csproj", "{BD38575D-E805-A78B-ED6E-AEDED7707FA8}"
EndProject
Project("{FAE04EC0-301F-11D3-BF4B-00C04F79EFBC}") = "UnityEditor.TestRunner", "UnityEditor.TestRunner.csproj", "{223E28E3-F162-04F1-7106-0A0AF23F8404}"
EndProject
Project("{FAE04EC0-301F-11D3-BF4B-00C04F79EFBC}") = "Unity.Rider.Editor", "Unity.Rider.Editor.csproj", "{A114CAD1-7F8C-E7EE-8415-37CE94B48C56}"
EndProject
Project("{FAE04EC0-301F-11D3-BF4B-00C04F79EFBC}") = "Assembly-CSharp-Editor", "Assembly-CSharp-Editor.csproj", "{E3CAD68C-43CC-CE23-DDBA-E3AF62E5E39E}"
EndProject
Project("{FAE04EC0-301F-11D3-BF4B-00C04F79EFBC}") = "MaxSdk.Scripts.IntegrationManager.Editor", "MaxSdk.Scripts.IntegrationManager.Editor.csproj", "{D8356774-9C7E-71B8-2CA3-8150EB74360B}"
EndProject
Project("{FAE04EC0-301F-11D3-BF4B-00C04F79EFBC}") = "Unity.VSCode.Editor", "Unity.VSCode.Editor.csproj", "{FBE0A62E-BC61-80A3-7CF5-5689CE533888}"
EndProject
Project("{FAE04EC0-301F-11D3-BF4B-00C04F79EFBC}") = "UnityEditor.UI", "UnityEditor.UI.csproj", "{C74D6878-9F2D-B79A-E17A-9DD2D1DF5D96}"
EndProject
Project("{FAE04EC0-301F-11D3-BF4B-00C04F79EFBC}") = "StompyRobot.SRF.Editor", "StompyRobot.SRF.Editor.csproj", "{143B3F32-5A14-EE50-A8EE-9A9F40DE247E}"
EndProject
Project("{FAE04EC0-301F-11D3-BF4B-00C04F79EFBC}") = "StompyRobot.SRDebugger.Editor", "StompyRobot.SRDebugger.Editor.csproj", "{4AD66A8B-A4A2-0CFB-71AA-6FE6758CE434}"
EndProject
Project("{FAE04EC0-301F-11D3-BF4B-00C04F79EFBC}") = "UniTask.Editor", "UniTask.Editor.csproj", "{75E0186E-FCA7-324D-EA5A-3B15070939D8}"
EndProject
Project("{FAE04EC0-301F-11D3-BF4B-00C04F79EFBC}") = "GoogleMobileAds.Editor", "GoogleMobileAds.Editor.csproj", "{78B11DDA-E8A3-10AA-D1C4-3C4A3DBCA1A0}"
EndProject
Project("{FAE04EC0-301F-11D3-BF4B-00C04F79EFBC}") = "MaxSdk.Scripts.Editor", "MaxSdk.Scripts.Editor.csproj", "{A9B9453B-A1FF-A1A4-D0DC-C23C181D8069}"
EndProject
Project("{FAE04EC0-301F-11D3-BF4B-00C04F79EFBC}") = "Unity.Services.Core.Configuration.Editor", "Unity.Services.Core.Configuration.Editor.csproj", "{3AF4E4A6-01EE-DC58-6F3A-BCA8892F38E9}"
EndProject
Project("{FAE04EC0-301F-11D3-BF4B-00C04F79EFBC}") = "Assembly-CSharp-Editor-firstpass", "Assembly-CSharp-Editor-firstpass.csproj", "{8213622B-FCD5-E006-F306-5AFC1497FDA8}"
EndProject
Project("{FAE04EC0-301F-11D3-BF4B-00C04F79EFBC}") = "AppsFlyer.Editor", "AppsFlyer.Editor.csproj", "{4AC919C2-7C0D-145A-78E5-80E2286BF4DE}"
EndProject
Project("{FAE04EC0-301F-11D3-BF4B-00C04F79EFBC}") = "UnityEngine.UI", "UnityEngine.UI.Player.csproj", "{176D17EC-A95F-BE15-76A0-E8755B067188}"
EndProject
Project("{FAE04EC0-301F-11D3-BF4B-00C04F79EFBC}") = "Assembly-CSharp", "Assembly-CSharp.Player.csproj", "{2A8FB5F4-3F42-29A0-501F-9C4A57268617}"
EndProject
Project("{FAE04EC0-301F-11D3-BF4B-00C04F79EFBC}") = "UnityEngine.TestRunner", "UnityEngine.TestRunner.Player.csproj", "{5814C2FE-C54E-7DBC-E550-AA2991865376}"
EndProject
Project("{FAE04EC0-301F-11D3-BF4B-00C04F79EFBC}") = "UnityEngine.Purchasing.Stores", "UnityEngine.Purchasing.Stores.Player.csproj", "{7BED7524-1D6D-3535-A309-F8FC453D048F}"
EndProject
Project("{FAE04EC0-301F-11D3-BF4B-00C04F79EFBC}") = "UniTask", "UniTask.Player.csproj", "{A8D38AA5-0026-5991-B97E-D6F8DF7369EE}"
EndProject
Project("{FAE04EC0-301F-11D3-BF4B-00C04F79EFBC}") = "Unity.Services.Core.Telemetry", "Unity.Services.Core.Telemetry.Player.csproj", "{BEBCFA44-F1DE-A161-E453-6007F5CDF381}"
EndProject
Project("{FAE04EC0-301F-11D3-BF4B-00C04F79EFBC}") = "UnityEngine.Purchasing.WinRTCore", "UnityEngine.Purchasing.WinRTCore.Player.csproj", "{1775B54A-6A02-302A-F08A-444BE9F99ED4}"
EndProject
Project("{FAE04EC0-301F-11D3-BF4B-00C04F79EFBC}") = "Assembly-CSharp-firstpass", "Assembly-CSharp-firstpass.Player.csproj", "{8E384466-92DE-F183-2EA4-827C045737DA}"
EndProject
Project("{FAE04EC0-301F-11D3-BF4B-00C04F79EFBC}") = "StompyRobot.SRF", "StompyRobot.SRF.Player.csproj", "{E8EB63B1-D3CC-B604-1106-FA1C09060DBC}"
EndProject
Project("{FAE04EC0-301F-11D3-BF4B-00C04F79EFBC}") = "UniTask.Linq", "UniTask.Linq.Player.csproj", "{DBC37555-E17A-761D-E015-C17897111F3D}"
EndProject
Project("{FAE04EC0-301F-11D3-BF4B-00C04F79EFBC}") = "UnityEngine.Purchasing.AppleCore", "UnityEngine.Purchasing.AppleCore.Player.csproj", "{AE6B4576-23F6-1785-FCEC-53C649945A76}"
EndProject
Project("{FAE04EC0-301F-11D3-BF4B-00C04F79EFBC}") = "StompyRobot.SRDebugger", "StompyRobot.SRDebugger.Player.csproj", "{EFDD1DCF-F4AF-8B42-621A-6CDFE86C4740}"
EndProject
Project("{FAE04EC0-301F-11D3-BF4B-00C04F79EFBC}") = "Unity.Services.Core.Environments.Internal", "Unity.Services.Core.Environments.Internal.Player.csproj", "{601F79CF-4050-03BB-89D5-DB9D5A4637CF}"
EndProject
Project("{FAE04EC0-301F-11D3-BF4B-00C04F79EFBC}") = "Unity.TextMeshPro", "Unity.TextMeshPro.Player.csproj", "{DB4AC1EC-83CD-C684-9B38-C3CF8BBAE62F}"
EndProject
Project("{FAE04EC0-301F-11D3-BF4B-00C04F79EFBC}") = "Unity.Timeline", "Unity.Timeline.Player.csproj", "{E16C63D8-78B0-290C-1A84-C8AB03422519}"
EndProject
Project("{FAE04EC0-301F-11D3-BF4B-00C04F79EFBC}") = "Unity.Services.Core", "Unity.Services.Core.Player.csproj", "{33A3A734-CAB9-27CD-88EE-E0A7FDA81225}"
EndProject
Project("{FAE04EC0-301F-11D3-BF4B-00C04F79EFBC}") = "UnityEngine.Purchasing.Security", "UnityEngine.Purchasing.Security.Player.csproj", "{E9A5CC97-2B17-658D-4BE8-0DF087D0CEAA}"
EndProject
Project("{FAE04EC0-301F-11D3-BF4B-00C04F79EFBC}") = "AppsFlyer", "AppsFlyer.Player.csproj", "{7F6D29C6-70FE-053E-D404-323B464F7F23}"
EndProject
Project("{FAE04EC0-301F-11D3-BF4B-00C04F79EFBC}") = "UnityEngine.Purchasing", "UnityEngine.Purchasing.Player.csproj", "{ABB6F1A1-0AB4-5C77-7DD9-DC84D96F3A82}"
EndProject
Project("{FAE04EC0-301F-11D3-BF4B-00C04F79EFBC}") = "Unity.Services.Core.Environments", "Unity.Services.Core.Environments.Player.csproj", "{443E248B-C40C-81F8-0534-B8359C80E751}"
EndProject
Project("{FAE04EC0-301F-11D3-BF4B-00C04F79EFBC}") = "Unity.Services.Core.Internal", "Unity.Services.Core.Internal.Player.csproj", "{952DB47D-7D9D-2D97-09DB-8894AE2C3DD9}"
EndProject
Project("{FAE04EC0-301F-11D3-BF4B-00C04F79EFBC}") = "Unity.Services.Core.Analytics", "Unity.Services.Core.Analytics.Player.csproj", "{E8B59FF4-57ED-899F-9E40-BA862214583E}"
EndProject
Project("{FAE04EC0-301F-11D3-BF4B-00C04F79EFBC}") = "UniTask.DOTween", "UniTask.DOTween.Player.csproj", "{1FF1A966-A6CE-00C8-1CF4-FD6C59FF2EB4}"
EndProject
Project("{FAE04EC0-301F-11D3-BF4B-00C04F79EFBC}") = "Unity.Services.Core.Scheduler", "Unity.Services.Core.Scheduler.Player.csproj", "{F9F5471D-E542-07A9-BB91-D78ADA7A1391}"
EndProject
Project("{FAE04EC0-301F-11D3-BF4B-00C04F79EFBC}") = "Purchasing.Common", "Purchasing.Common.Player.csproj", "{5F7BC60D-6DD6-4CB5-BCCE-08864492E5E2}"
EndProject
Project("{FAE04EC0-301F-11D3-BF4B-00C04F79EFBC}") = "Unity.Services.Core.Registration", "Unity.Services.Core.Registration.Player.csproj", "{EC19D9F4-FB21-BF13-6D6B-2CF0F33A41C8}"
EndProject
Project("{FAE04EC0-301F-11D3-BF4B-00C04F79EFBC}") = "Unity.Services.Core.Device", "Unity.Services.Core.Device.Player.csproj", "{C8D7061D-3951-DA36-7DC0-0126246FFDA6}"
EndProject
Project("{FAE04EC0-301F-11D3-BF4B-00C04F79EFBC}") = "UnityEngine.Purchasing.SecurityCore", "UnityEngine.Purchasing.SecurityCore.Player.csproj", "{1C8FDA05-6F59-A98C-AE6B-5B53A9A75CF6}"
EndProject
Project("{FAE04EC0-301F-11D3-BF4B-00C04F79EFBC}") = "UnityEngine.Purchasing.WinRTStub", "UnityEngine.Purchasing.WinRTStub.Player.csproj", "{2A90F5C6-7BFF-81DD-9C17-DC78A7A26C11}"
EndProject
Project("{FAE04EC0-301F-11D3-BF4B-00C04F79EFBC}") = "Unity.Services.Core.Threading", "Unity.Services.Core.Threading.Player.csproj", "{C4D2669C-C3CF-3426-D05F-E5D7E79AD1C5}"
EndProject
Project("{FAE04EC0-301F-11D3-BF4B-00C04F79EFBC}") = "MaxSdk.Scripts", "MaxSdk.Scripts.Player.csproj", "{964666AB-79FA-F59B-E86D-B0942393A9BF}"
EndProject
Project("{FAE04EC0-301F-11D3-BF4B-00C04F79EFBC}") = "Unity.Services.Core.Networking", "Unity.Services.Core.Networking.Player.csproj", "{D3C03FDF-52F1-FE39-B895-0688AAB1A5F8}"
EndProject
Project("{FAE04EC0-301F-11D3-BF4B-00C04F79EFBC}") = "Unity.Recorder", "Unity.Recorder.Player.csproj", "{F770039B-E92A-F30C-E5EC-D1492FEEE194}"
EndProject
Project("{FAE04EC0-301F-11D3-BF4B-00C04F79EFBC}") = "UnityEngine.Purchasing.AppleMacosStub", "UnityEngine.Purchasing.AppleMacosStub.Player.csproj", "{5974AA4F-8582-329A-6A73-F96DAB447D24}"
EndProject
Project("{FAE04EC0-301F-11D3-BF4B-00C04F79EFBC}") = "UnityEngine.Purchasing.Codeless", "UnityEngine.Purchasing.Codeless.Player.csproj", "{7971D425-632E-FF5F-A6BF-C6C08837E6F9}"
EndProject
Project("{FAE04EC0-301F-11D3-BF4B-00C04F79EFBC}") = "UniTask.TextMeshPro", "UniTask.TextMeshPro.Player.csproj", "{0CDD947C-0C3D-3A66-5C9C-755EC9921339}"
EndProject
Project("{FAE04EC0-301F-11D3-BF4B-00C04F79EFBC}") = "Unity.Recorder.Base", "Unity.Recorder.Base.Player.csproj", "{E6A4BCC4-34F7-A8CA-3F4F-B04EC7D162E4}"
EndProject
Project("{FAE04EC0-301F-11D3-BF4B-00C04F79EFBC}") = "Unity.Services.Core.Configuration", "Unity.Services.Core.Configuration.Player.csproj", "{5CD011A0-295E-29F1-2E41-18C31456D842}"
EndProject
Project("{FAE04EC0-301F-11D3-BF4B-00C04F79EFBC}") = "Tests", "Tests.Player.csproj", "{2F949671-BF14-D11F-0B59-5670E93C6963}"
EndProject
Project("{FAE04EC0-301F-11D3-BF4B-00C04F79EFBC}") = "UnityEngine.Purchasing.AppleStub", "UnityEngine.Purchasing.AppleStub.Player.csproj", "{11E4EA3F-53DE-0849-CFDF-4A2FD6F1D711}"
EndProject
Project("{FAE04EC0-301F-11D3-BF4B-00C04F79EFBC}") = "UniTask.Addressables", "UniTask.Addressables.Player.csproj", "{9D1BDBC5-2A20-F09D-2005-11318EFC1330}"
EndProject
Global
	GlobalSection(SolutionConfigurationPlatforms) = preSolution
		Debug|Any CPU = Debug|Any CPU
		Release|Any CPU = Release|Any CPU
	EndGlobalSection
	GlobalSection(ProjectConfigurationPlatforms) = postSolution
		{24667AAF-4FDB-946D-0F51-500E50667910}.Debug|Any CPU.ActiveCfg = Debug|Any CPU
		{24667AAF-4FDB-946D-0F51-500E50667910}.Debug|Any CPU.Build.0 = Debug|Any CPU
		{24667AAF-4FDB-946D-0F51-500E50667910}.Release|Any CPU.ActiveCfg = Release|Any CPU
		{24667AAF-4FDB-946D-0F51-500E50667910}.Release|Any CPU.Build.0 = Release|Any CPU
		{4C0A36CB-82A8-26F0-279C-DD2BEBC7C105}.Debug|Any CPU.ActiveCfg = Debug|Any CPU
		{4C0A36CB-82A8-26F0-279C-DD2BEBC7C105}.Debug|Any CPU.Build.0 = Debug|Any CPU
		{4C0A36CB-82A8-26F0-279C-DD2BEBC7C105}.Release|Any CPU.ActiveCfg = Release|Any CPU
		{4C0A36CB-82A8-26F0-279C-DD2BEBC7C105}.Release|Any CPU.Build.0 = Release|Any CPU
		{E8CE6DFD-3AFB-7BFA-7C89-51062E95804A}.Debug|Any CPU.ActiveCfg = Debug|Any CPU
		{E8CE6DFD-3AFB-7BFA-7C89-51062E95804A}.Debug|Any CPU.Build.0 = Debug|Any CPU
		{E8CE6DFD-3AFB-7BFA-7C89-51062E95804A}.Release|Any CPU.ActiveCfg = Release|Any CPU
		{E8CE6DFD-3AFB-7BFA-7C89-51062E95804A}.Release|Any CPU.Build.0 = Release|Any CPU
		{6BAECE66-8296-EB84-E38C-132C54679BDF}.Debug|Any CPU.ActiveCfg = Debug|Any CPU
		{6BAECE66-8296-EB84-E38C-132C54679BDF}.Debug|Any CPU.Build.0 = Debug|Any CPU
		{6BAECE66-8296-EB84-E38C-132C54679BDF}.Release|Any CPU.ActiveCfg = Release|Any CPU
		{6BAECE66-8296-EB84-E38C-132C54679BDF}.Release|Any CPU.Build.0 = Release|Any CPU
		{57286BE9-9343-2ACB-033D-1969260C8541}.Debug|Any CPU.ActiveCfg = Debug|Any CPU
		{57286BE9-9343-2ACB-033D-1969260C8541}.Debug|Any CPU.Build.0 = Debug|Any CPU
		{57286BE9-9343-2ACB-033D-1969260C8541}.Release|Any CPU.ActiveCfg = Release|Any CPU
		{57286BE9-9343-2ACB-033D-1969260C8541}.Release|Any CPU.Build.0 = Release|Any CPU
		{A6D64FE4-AB6F-7FA6-626E-9836954AED6C}.Debug|Any CPU.ActiveCfg = Debug|Any CPU
		{A6D64FE4-AB6F-7FA6-626E-9836954AED6C}.Debug|Any CPU.Build.0 = Debug|Any CPU
		{A6D64FE4-AB6F-7FA6-626E-9836954AED6C}.Release|Any CPU.ActiveCfg = Release|Any CPU
		{A6D64FE4-AB6F-7FA6-626E-9836954AED6C}.Release|Any CPU.Build.0 = Release|Any CPU
		{628F2DE1-A91B-CD38-9805-0735ECE0CD9D}.Debug|Any CPU.ActiveCfg = Debug|Any CPU
		{628F2DE1-A91B-CD38-9805-0735ECE0CD9D}.Debug|Any CPU.Build.0 = Debug|Any CPU
		{628F2DE1-A91B-CD38-9805-0735ECE0CD9D}.Release|Any CPU.ActiveCfg = Release|Any CPU
		{628F2DE1-A91B-CD38-9805-0735ECE0CD9D}.Release|Any CPU.Build.0 = Release|Any CPU
		{501BF84D-DB09-A332-F6A9-64D803991C0F}.Debug|Any CPU.ActiveCfg = Debug|Any CPU
		{501BF84D-DB09-A332-F6A9-64D803991C0F}.Debug|Any CPU.Build.0 = Debug|Any CPU
		{501BF84D-DB09-A332-F6A9-64D803991C0F}.Release|Any CPU.ActiveCfg = Release|Any CPU
		{501BF84D-DB09-A332-F6A9-64D803991C0F}.Release|Any CPU.Build.0 = Release|Any CPU
		{A3212443-7D53-DE11-07BD-5A287AF4AAA2}.Debug|Any CPU.ActiveCfg = Debug|Any CPU
		{A3212443-7D53-DE11-07BD-5A287AF4AAA2}.Debug|Any CPU.Build.0 = Debug|Any CPU
		{A3212443-7D53-DE11-07BD-5A287AF4AAA2}.Release|Any CPU.ActiveCfg = Release|Any CPU
		{A3212443-7D53-DE11-07BD-5A287AF4AAA2}.Release|Any CPU.Build.0 = Release|Any CPU
		{97B09D83-781A-B648-A00B-9F5195CE19C8}.Debug|Any CPU.ActiveCfg = Debug|Any CPU
		{97B09D83-781A-B648-A00B-9F5195CE19C8}.Debug|Any CPU.Build.0 = Debug|Any CPU
		{97B09D83-781A-B648-A00B-9F5195CE19C8}.Release|Any CPU.ActiveCfg = Release|Any CPU
		{97B09D83-781A-B648-A00B-9F5195CE19C8}.Release|Any CPU.Build.0 = Release|Any CPU
		{B7840E57-71F7-067A-61ED-9A3805432EBB}.Debug|Any CPU.ActiveCfg = Debug|Any CPU
		{B7840E57-71F7-067A-61ED-9A3805432EBB}.Debug|Any CPU.Build.0 = Debug|Any CPU
		{B7840E57-71F7-067A-61ED-9A3805432EBB}.Release|Any CPU.ActiveCfg = Release|Any CPU
		{B7840E57-71F7-067A-61ED-9A3805432EBB}.Release|Any CPU.Build.0 = Release|Any CPU
		{69FF5B98-56C6-20DE-0983-6233FCED07F4}.Debug|Any CPU.ActiveCfg = Debug|Any CPU
		{69FF5B98-56C6-20DE-0983-6233FCED07F4}.Debug|Any CPU.Build.0 = Debug|Any CPU
		{69FF5B98-56C6-20DE-0983-6233FCED07F4}.Release|Any CPU.ActiveCfg = Release|Any CPU
		{69FF5B98-56C6-20DE-0983-6233FCED07F4}.Release|Any CPU.Build.0 = Release|Any CPU
		{045264D3-7DFD-F420-B3D8-466A97DA0C48}.Debug|Any CPU.ActiveCfg = Debug|Any CPU
		{045264D3-7DFD-F420-B3D8-466A97DA0C48}.Debug|Any CPU.Build.0 = Debug|Any CPU
		{045264D3-7DFD-F420-B3D8-466A97DA0C48}.Release|Any CPU.ActiveCfg = Release|Any CPU
		{045264D3-7DFD-F420-B3D8-466A97DA0C48}.Release|Any CPU.Build.0 = Release|Any CPU
		{48DE152E-0F26-9A9E-67E3-03B1333FD6F3}.Debug|Any CPU.ActiveCfg = Debug|Any CPU
		{48DE152E-0F26-9A9E-67E3-03B1333FD6F3}.Debug|Any CPU.Build.0 = Debug|Any CPU
		{48DE152E-0F26-9A9E-67E3-03B1333FD6F3}.Release|Any CPU.ActiveCfg = Release|Any CPU
		{48DE152E-0F26-9A9E-67E3-03B1333FD6F3}.Release|Any CPU.Build.0 = Release|Any CPU
		{6E5CEF57-D50B-C6B0-507C-952DA7052EC9}.Debug|Any CPU.ActiveCfg = Debug|Any CPU
		{6E5CEF57-D50B-C6B0-507C-952DA7052EC9}.Debug|Any CPU.Build.0 = Debug|Any CPU
		{6E5CEF57-D50B-C6B0-507C-952DA7052EC9}.Release|Any CPU.ActiveCfg = Release|Any CPU
		{6E5CEF57-D50B-C6B0-507C-952DA7052EC9}.Release|Any CPU.Build.0 = Release|Any CPU
		{94EE45C0-4675-7527-FAA5-74A01AB586D6}.Debug|Any CPU.ActiveCfg = Debug|Any CPU
		{94EE45C0-4675-7527-FAA5-74A01AB586D6}.Debug|Any CPU.Build.0 = Debug|Any CPU
		{94EE45C0-4675-7527-FAA5-74A01AB586D6}.Release|Any CPU.ActiveCfg = Release|Any CPU
		{94EE45C0-4675-7527-FAA5-74A01AB586D6}.Release|Any CPU.Build.0 = Release|Any CPU
		{44CD1255-0F1E-FBFB-236F-8F16E83FE225}.Debug|Any CPU.ActiveCfg = Debug|Any CPU
		{44CD1255-0F1E-FBFB-236F-8F16E83FE225}.Debug|Any CPU.Build.0 = Debug|Any CPU
		{44CD1255-0F1E-FBFB-236F-8F16E83FE225}.Release|Any CPU.ActiveCfg = Release|Any CPU
		{44CD1255-0F1E-FBFB-236F-8F16E83FE225}.Release|Any CPU.Build.0 = Release|Any CPU
		{3420F43B-4FC6-632D-3BAA-6BC1F5CDF1E2}.Debug|Any CPU.ActiveCfg = Debug|Any CPU
		{3420F43B-4FC6-632D-3BAA-6BC1F5CDF1E2}.Debug|Any CPU.Build.0 = Debug|Any CPU
		{3420F43B-4FC6-632D-3BAA-6BC1F5CDF1E2}.Release|Any CPU.ActiveCfg = Release|Any CPU
		{3420F43B-4FC6-632D-3BAA-6BC1F5CDF1E2}.Release|Any CPU.Build.0 = Release|Any CPU
		{081F982A-F6E7-76B9-21A3-548883EA15BA}.Debug|Any CPU.ActiveCfg = Debug|Any CPU
		{081F982A-F6E7-76B9-21A3-548883EA15BA}.Debug|Any CPU.Build.0 = Debug|Any CPU
		{081F982A-F6E7-76B9-21A3-548883EA15BA}.Release|Any CPU.ActiveCfg = Release|Any CPU
		{081F982A-F6E7-76B9-21A3-548883EA15BA}.Release|Any CPU.Build.0 = Release|Any CPU
		{A892358A-E003-CD5D-1E70-3D7E0A3148C0}.Debug|Any CPU.ActiveCfg = Debug|Any CPU
		{A892358A-E003-CD5D-1E70-3D7E0A3148C0}.Debug|Any CPU.Build.0 = Debug|Any CPU
		{A892358A-E003-CD5D-1E70-3D7E0A3148C0}.Release|Any CPU.ActiveCfg = Release|Any CPU
		{A892358A-E003-CD5D-1E70-3D7E0A3148C0}.Release|Any CPU.Build.0 = Release|Any CPU
		{85D9EB06-6F40-1586-E3AF-9D567F9A1F89}.Debug|Any CPU.ActiveCfg = Debug|Any CPU
		{85D9EB06-6F40-1586-E3AF-9D567F9A1F89}.Debug|Any CPU.Build.0 = Debug|Any CPU
		{85D9EB06-6F40-1586-E3AF-9D567F9A1F89}.Release|Any CPU.ActiveCfg = Release|Any CPU
		{85D9EB06-6F40-1586-E3AF-9D567F9A1F89}.Release|Any CPU.Build.0 = Release|Any CPU
		{B554DFBB-12CF-8A37-1CD4-D6C1FF9C5D76}.Debug|Any CPU.ActiveCfg = Debug|Any CPU
		{B554DFBB-12CF-8A37-1CD4-D6C1FF9C5D76}.Debug|Any CPU.Build.0 = Debug|Any CPU
		{B554DFBB-12CF-8A37-1CD4-D6C1FF9C5D76}.Release|Any CPU.ActiveCfg = Release|Any CPU
		{B554DFBB-12CF-8A37-1CD4-D6C1FF9C5D76}.Release|Any CPU.Build.0 = Release|Any CPU
		{FFA7F196-789D-DBE5-5328-38D3DDD5384D}.Debug|Any CPU.ActiveCfg = Debug|Any CPU
		{FFA7F196-789D-DBE5-5328-38D3DDD5384D}.Debug|Any CPU.Build.0 = Debug|Any CPU
		{FFA7F196-789D-DBE5-5328-38D3DDD5384D}.Release|Any CPU.ActiveCfg = Release|Any CPU
		{FFA7F196-789D-DBE5-5328-38D3DDD5384D}.Release|Any CPU.Build.0 = Release|Any CPU
		{B4B776B5-3BCA-039A-494A-AA4EB8AB221F}.Debug|Any CPU.ActiveCfg = Debug|Any CPU
		{B4B776B5-3BCA-039A-494A-AA4EB8AB221F}.Debug|Any CPU.Build.0 = Debug|Any CPU
		{B4B776B5-3BCA-039A-494A-AA4EB8AB221F}.Release|Any CPU.ActiveCfg = Release|Any CPU
		{B4B776B5-3BCA-039A-494A-AA4EB8AB221F}.Release|Any CPU.Build.0 = Release|Any CPU
		{87C4DE3B-5A69-D4DF-2DCD-BCD0CD80E868}.Debug|Any CPU.ActiveCfg = Debug|Any CPU
		{87C4DE3B-5A69-D4DF-2DCD-BCD0CD80E868}.Debug|Any CPU.Build.0 = Debug|Any CPU
		{87C4DE3B-5A69-D4DF-2DCD-BCD0CD80E868}.Release|Any CPU.ActiveCfg = Release|Any CPU
		{87C4DE3B-5A69-D4DF-2DCD-BCD0CD80E868}.Release|Any CPU.Build.0 = Release|Any CPU
		{4E53CACD-AF01-4113-2016-A69796487C24}.Debug|Any CPU.ActiveCfg = Debug|Any CPU
		{4E53CACD-AF01-4113-2016-A69796487C24}.Debug|Any CPU.Build.0 = Debug|Any CPU
		{4E53CACD-AF01-4113-2016-A69796487C24}.Release|Any CPU.ActiveCfg = Release|Any CPU
		{4E53CACD-AF01-4113-2016-A69796487C24}.Release|Any CPU.Build.0 = Release|Any CPU
		{65889FC0-A02F-C01F-C7D3-DCCCB212140F}.Debug|Any CPU.ActiveCfg = Debug|Any CPU
		{65889FC0-A02F-C01F-C7D3-DCCCB212140F}.Debug|Any CPU.Build.0 = Debug|Any CPU
		{65889FC0-A02F-C01F-C7D3-DCCCB212140F}.Release|Any CPU.ActiveCfg = Release|Any CPU
		{65889FC0-A02F-C01F-C7D3-DCCCB212140F}.Release|Any CPU.Build.0 = Release|Any CPU
		{1D9C8433-CAD7-B08A-A751-91C70B2C57D6}.Debug|Any CPU.ActiveCfg = Debug|Any CPU
		{1D9C8433-CAD7-B08A-A751-91C70B2C57D6}.Debug|Any CPU.Build.0 = Debug|Any CPU
		{1D9C8433-CAD7-B08A-A751-91C70B2C57D6}.Release|Any CPU.ActiveCfg = Release|Any CPU
		{1D9C8433-CAD7-B08A-A751-91C70B2C57D6}.Release|Any CPU.Build.0 = Release|Any CPU
		{12F99AC5-553B-E125-5CE9-610E76B2E859}.Debug|Any CPU.ActiveCfg = Debug|Any CPU
		{12F99AC5-553B-E125-5CE9-610E76B2E859}.Debug|Any CPU.Build.0 = Debug|Any CPU
		{12F99AC5-553B-E125-5CE9-610E76B2E859}.Release|Any CPU.ActiveCfg = Release|Any CPU
		{12F99AC5-553B-E125-5CE9-610E76B2E859}.Release|Any CPU.Build.0 = Release|Any CPU
		{0CFE14BB-ECA7-CBFF-91F5-9C4367610FE7}.Debug|Any CPU.ActiveCfg = Debug|Any CPU
		{0CFE14BB-ECA7-CBFF-91F5-9C4367610FE7}.Debug|Any CPU.Build.0 = Debug|Any CPU
		{0CFE14BB-ECA7-CBFF-91F5-9C4367610FE7}.Release|Any CPU.ActiveCfg = Release|Any CPU
		{0CFE14BB-ECA7-CBFF-91F5-9C4367610FE7}.Release|Any CPU.Build.0 = Release|Any CPU
		{E444010E-B13D-B04B-6021-EED10AA6FE1E}.Debug|Any CPU.ActiveCfg = Debug|Any CPU
		{E444010E-B13D-B04B-6021-EED10AA6FE1E}.Debug|Any CPU.Build.0 = Debug|Any CPU
		{E444010E-B13D-B04B-6021-EED10AA6FE1E}.Release|Any CPU.ActiveCfg = Release|Any CPU
		{E444010E-B13D-B04B-6021-EED10AA6FE1E}.Release|Any CPU.Build.0 = Release|Any CPU
		{131A0DFE-EA11-14F5-424E-1020294F57B8}.Debug|Any CPU.ActiveCfg = Debug|Any CPU
		{131A0DFE-EA11-14F5-424E-1020294F57B8}.Debug|Any CPU.Build.0 = Debug|Any CPU
		{131A0DFE-EA11-14F5-424E-1020294F57B8}.Release|Any CPU.ActiveCfg = Release|Any CPU
		{131A0DFE-EA11-14F5-424E-1020294F57B8}.Release|Any CPU.Build.0 = Release|Any CPU
		{33D92588-6F63-CA95-A0CB-41489DD3A293}.Debug|Any CPU.ActiveCfg = Debug|Any CPU
		{33D92588-6F63-CA95-A0CB-41489DD3A293}.Debug|Any CPU.Build.0 = Debug|Any CPU
		{33D92588-6F63-CA95-A0CB-41489DD3A293}.Release|Any CPU.ActiveCfg = Release|Any CPU
		{33D92588-6F63-CA95-A0CB-41489DD3A293}.Release|Any CPU.Build.0 = Release|Any CPU
		{18E4E28B-0582-B411-56B7-D18A33996EB3}.Debug|Any CPU.ActiveCfg = Debug|Any CPU
		{18E4E28B-0582-B411-56B7-D18A33996EB3}.Debug|Any CPU.Build.0 = Debug|Any CPU
		{18E4E28B-0582-B411-56B7-D18A33996EB3}.Release|Any CPU.ActiveCfg = Release|Any CPU
		{18E4E28B-0582-B411-56B7-D18A33996EB3}.Release|Any CPU.Build.0 = Release|Any CPU
		{E0A1F37D-DB8A-632B-2F03-9732FB88833A}.Debug|Any CPU.ActiveCfg = Debug|Any CPU
		{E0A1F37D-DB8A-632B-2F03-9732FB88833A}.Debug|Any CPU.Build.0 = Debug|Any CPU
		{E0A1F37D-DB8A-632B-2F03-9732FB88833A}.Release|Any CPU.ActiveCfg = Release|Any CPU
		{E0A1F37D-DB8A-632B-2F03-9732FB88833A}.Release|Any CPU.Build.0 = Release|Any CPU
		{93E865C2-2BF8-D683-5F34-93063FAF8E1D}.Debug|Any CPU.ActiveCfg = Debug|Any CPU
		{93E865C2-2BF8-D683-5F34-93063FAF8E1D}.Debug|Any CPU.Build.0 = Debug|Any CPU
		{93E865C2-2BF8-D683-5F34-93063FAF8E1D}.Release|Any CPU.ActiveCfg = Release|Any CPU
		{93E865C2-2BF8-D683-5F34-93063FAF8E1D}.Release|Any CPU.Build.0 = Release|Any CPU
		{6F7DA3F6-DDD9-5EB9-8EE1-A616AB3C75F4}.Debug|Any CPU.ActiveCfg = Debug|Any CPU
		{6F7DA3F6-DDD9-5EB9-8EE1-A616AB3C75F4}.Debug|Any CPU.Build.0 = Debug|Any CPU
		{6F7DA3F6-DDD9-5EB9-8EE1-A616AB3C75F4}.Release|Any CPU.ActiveCfg = Release|Any CPU
		{6F7DA3F6-DDD9-5EB9-8EE1-A616AB3C75F4}.Release|Any CPU.Build.0 = Release|Any CPU
		{6ABFB0A4-A445-A99D-C314-64EA1155CA46}.Debug|Any CPU.ActiveCfg = Debug|Any CPU
		{6ABFB0A4-A445-A99D-C314-64EA1155CA46}.Debug|Any CPU.Build.0 = Debug|Any CPU
		{6ABFB0A4-A445-A99D-C314-64EA1155CA46}.Release|Any CPU.ActiveCfg = Release|Any CPU
		{6ABFB0A4-A445-A99D-C314-64EA1155CA46}.Release|Any CPU.Build.0 = Release|Any CPU
		{E827831B-E432-67DB-A6E4-8DD8E98C8F11}.Debug|Any CPU.ActiveCfg = Debug|Any CPU
		{E827831B-E432-67DB-A6E4-8DD8E98C8F11}.Debug|Any CPU.Build.0 = Debug|Any CPU
		{E827831B-E432-67DB-A6E4-8DD8E98C8F11}.Release|Any CPU.ActiveCfg = Release|Any CPU
		{E827831B-E432-67DB-A6E4-8DD8E98C8F11}.Release|Any CPU.Build.0 = Release|Any CPU
		{29410BE7-D067-960F-B4B6-EA7D7A01210E}.Debug|Any CPU.ActiveCfg = Debug|Any CPU
		{29410BE7-D067-960F-B4B6-EA7D7A01210E}.Debug|Any CPU.Build.0 = Debug|Any CPU
		{29410BE7-D067-960F-B4B6-EA7D7A01210E}.Release|Any CPU.ActiveCfg = Release|Any CPU
		{29410BE7-D067-960F-B4B6-EA7D7A01210E}.Release|Any CPU.Build.0 = Release|Any CPU
		{3F1F9A41-7526-2270-A7EE-439B73663E24}.Debug|Any CPU.ActiveCfg = Debug|Any CPU
		{3F1F9A41-7526-2270-A7EE-439B73663E24}.Debug|Any CPU.Build.0 = Debug|Any CPU
		{3F1F9A41-7526-2270-A7EE-439B73663E24}.Release|Any CPU.ActiveCfg = Release|Any CPU
		{3F1F9A41-7526-2270-A7EE-439B73663E24}.Release|Any CPU.Build.0 = Release|Any CPU
		{39D1283F-194B-20DF-D60D-4FE6B2821470}.Debug|Any CPU.ActiveCfg = Debug|Any CPU
		{39D1283F-194B-20DF-D60D-4FE6B2821470}.Debug|Any CPU.Build.0 = Debug|Any CPU
		{39D1283F-194B-20DF-D60D-4FE6B2821470}.Release|Any CPU.ActiveCfg = Release|Any CPU
		{39D1283F-194B-20DF-D60D-4FE6B2821470}.Release|Any CPU.Build.0 = Release|Any CPU
		{076BEC17-E507-6360-22BC-C017288DD920}.Debug|Any CPU.ActiveCfg = Debug|Any CPU
		{076BEC17-E507-6360-22BC-C017288DD920}.Debug|Any CPU.Build.0 = Debug|Any CPU
		{076BEC17-E507-6360-22BC-C017288DD920}.Release|Any CPU.ActiveCfg = Release|Any CPU
		{076BEC17-E507-6360-22BC-C017288DD920}.Release|Any CPU.Build.0 = Release|Any CPU
		{D6619ECA-5075-B1D3-93D3-E3E418ADC15C}.Debug|Any CPU.ActiveCfg = Debug|Any CPU
		{D6619ECA-5075-B1D3-93D3-E3E418ADC15C}.Debug|Any CPU.Build.0 = Debug|Any CPU
		{D6619ECA-5075-B1D3-93D3-E3E418ADC15C}.Release|Any CPU.ActiveCfg = Release|Any CPU
		{D6619ECA-5075-B1D3-93D3-E3E418ADC15C}.Release|Any CPU.Build.0 = Release|Any CPU
		{7828BAD7-ACA7-9CDF-C171-C92673952AB1}.Debug|Any CPU.ActiveCfg = Debug|Any CPU
		{7828BAD7-ACA7-9CDF-C171-C92673952AB1}.Debug|Any CPU.Build.0 = Debug|Any CPU
		{7828BAD7-ACA7-9CDF-C171-C92673952AB1}.Release|Any CPU.ActiveCfg = Release|Any CPU
		{7828BAD7-ACA7-9CDF-C171-C92673952AB1}.Release|Any CPU.Build.0 = Release|Any CPU
		{C99102E3-5069-AC22-A3AF-D9148A536A2D}.Debug|Any CPU.ActiveCfg = Debug|Any CPU
		{C99102E3-5069-AC22-A3AF-D9148A536A2D}.Debug|Any CPU.Build.0 = Debug|Any CPU
		{C99102E3-5069-AC22-A3AF-D9148A536A2D}.Release|Any CPU.ActiveCfg = Release|Any CPU
		{C99102E3-5069-AC22-A3AF-D9148A536A2D}.Release|Any CPU.Build.0 = Release|Any CPU
		{CB97E499-93CF-F983-4710-9057EED78F99}.Debug|Any CPU.ActiveCfg = Debug|Any CPU
		{CB97E499-93CF-F983-4710-9057EED78F99}.Debug|Any CPU.Build.0 = Debug|Any CPU
		{CB97E499-93CF-F983-4710-9057EED78F99}.Release|Any CPU.ActiveCfg = Release|Any CPU
		{CB97E499-93CF-F983-4710-9057EED78F99}.Release|Any CPU.Build.0 = Release|Any CPU
		{402E0E33-7D68-CEE8-6446-4F83A9F7356A}.Debug|Any CPU.ActiveCfg = Debug|Any CPU
		{402E0E33-7D68-CEE8-6446-4F83A9F7356A}.Debug|Any CPU.Build.0 = Debug|Any CPU
		{402E0E33-7D68-CEE8-6446-4F83A9F7356A}.Release|Any CPU.ActiveCfg = Release|Any CPU
		{402E0E33-7D68-CEE8-6446-4F83A9F7356A}.Release|Any CPU.Build.0 = Release|Any CPU
		{BD38575D-E805-A78B-ED6E-AEDED7707FA8}.Debug|Any CPU.ActiveCfg = Debug|Any CPU
		{BD38575D-E805-A78B-ED6E-AEDED7707FA8}.Debug|Any CPU.Build.0 = Debug|Any CPU
		{BD38575D-E805-A78B-ED6E-AEDED7707FA8}.Release|Any CPU.ActiveCfg = Release|Any CPU
		{BD38575D-E805-A78B-ED6E-AEDED7707FA8}.Release|Any CPU.Build.0 = Release|Any CPU
		{223E28E3-F162-04F1-7106-0A0AF23F8404}.Debug|Any CPU.ActiveCfg = Debug|Any CPU
		{223E28E3-F162-04F1-7106-0A0AF23F8404}.Debug|Any CPU.Build.0 = Debug|Any CPU
		{223E28E3-F162-04F1-7106-0A0AF23F8404}.Release|Any CPU.ActiveCfg = Release|Any CPU
		{223E28E3-F162-04F1-7106-0A0AF23F8404}.Release|Any CPU.Build.0 = Release|Any CPU
		{A114CAD1-7F8C-E7EE-8415-37CE94B48C56}.Debug|Any CPU.ActiveCfg = Debug|Any CPU
		{A114CAD1-7F8C-E7EE-8415-37CE94B48C56}.Debug|Any CPU.Build.0 = Debug|Any CPU
		{A114CAD1-7F8C-E7EE-8415-37CE94B48C56}.Release|Any CPU.ActiveCfg = Release|Any CPU
		{A114CAD1-7F8C-E7EE-8415-37CE94B48C56}.Release|Any CPU.Build.0 = Release|Any CPU
		{E3CAD68C-43CC-CE23-DDBA-E3AF62E5E39E}.Debug|Any CPU.ActiveCfg = Debug|Any CPU
		{E3CAD68C-43CC-CE23-DDBA-E3AF62E5E39E}.Debug|Any CPU.Build.0 = Debug|Any CPU
		{E3CAD68C-43CC-CE23-DDBA-E3AF62E5E39E}.Release|Any CPU.ActiveCfg = Release|Any CPU
		{E3CAD68C-43CC-CE23-DDBA-E3AF62E5E39E}.Release|Any CPU.Build.0 = Release|Any CPU
		{D8356774-9C7E-71B8-2CA3-8150EB74360B}.Debug|Any CPU.ActiveCfg = Debug|Any CPU
		{D8356774-9C7E-71B8-2CA3-8150EB74360B}.Debug|Any CPU.Build.0 = Debug|Any CPU
		{D8356774-9C7E-71B8-2CA3-8150EB74360B}.Release|Any CPU.ActiveCfg = Release|Any CPU
		{D8356774-9C7E-71B8-2CA3-8150EB74360B}.Release|Any CPU.Build.0 = Release|Any CPU
		{FBE0A62E-BC61-80A3-7CF5-5689CE533888}.Debug|Any CPU.ActiveCfg = Debug|Any CPU
		{FBE0A62E-BC61-80A3-7CF5-5689CE533888}.Debug|Any CPU.Build.0 = Debug|Any CPU
		{FBE0A62E-BC61-80A3-7CF5-5689CE533888}.Release|Any CPU.ActiveCfg = Release|Any CPU
		{FBE0A62E-BC61-80A3-7CF5-5689CE533888}.Release|Any CPU.Build.0 = Release|Any CPU
		{C74D6878-9F2D-B79A-E17A-9DD2D1DF5D96}.Debug|Any CPU.ActiveCfg = Debug|Any CPU
		{C74D6878-9F2D-B79A-E17A-9DD2D1DF5D96}.Debug|Any CPU.Build.0 = Debug|Any CPU
		{C74D6878-9F2D-B79A-E17A-9DD2D1DF5D96}.Release|Any CPU.ActiveCfg = Release|Any CPU
		{C74D6878-9F2D-B79A-E17A-9DD2D1DF5D96}.Release|Any CPU.Build.0 = Release|Any CPU
		{143B3F32-5A14-EE50-A8EE-9A9F40DE247E}.Debug|Any CPU.ActiveCfg = Debug|Any CPU
		{143B3F32-5A14-EE50-A8EE-9A9F40DE247E}.Debug|Any CPU.Build.0 = Debug|Any CPU
		{143B3F32-5A14-EE50-A8EE-9A9F40DE247E}.Release|Any CPU.ActiveCfg = Release|Any CPU
		{143B3F32-5A14-EE50-A8EE-9A9F40DE247E}.Release|Any CPU.Build.0 = Release|Any CPU
		{4AD66A8B-A4A2-0CFB-71AA-6FE6758CE434}.Debug|Any CPU.ActiveCfg = Debug|Any CPU
		{4AD66A8B-A4A2-0CFB-71AA-6FE6758CE434}.Debug|Any CPU.Build.0 = Debug|Any CPU
		{4AD66A8B-A4A2-0CFB-71AA-6FE6758CE434}.Release|Any CPU.ActiveCfg = Release|Any CPU
		{4AD66A8B-A4A2-0CFB-71AA-6FE6758CE434}.Release|Any CPU.Build.0 = Release|Any CPU
		{75E0186E-FCA7-324D-EA5A-3B15070939D8}.Debug|Any CPU.ActiveCfg = Debug|Any CPU
		{75E0186E-FCA7-324D-EA5A-3B15070939D8}.Debug|Any CPU.Build.0 = Debug|Any CPU
		{75E0186E-FCA7-324D-EA5A-3B15070939D8}.Release|Any CPU.ActiveCfg = Release|Any CPU
		{75E0186E-FCA7-324D-EA5A-3B15070939D8}.Release|Any CPU.Build.0 = Release|Any CPU
		{78B11DDA-E8A3-10AA-D1C4-3C4A3DBCA1A0}.Debug|Any CPU.ActiveCfg = Debug|Any CPU
		{78B11DDA-E8A3-10AA-D1C4-3C4A3DBCA1A0}.Debug|Any CPU.Build.0 = Debug|Any CPU
		{78B11DDA-E8A3-10AA-D1C4-3C4A3DBCA1A0}.Release|Any CPU.ActiveCfg = Release|Any CPU
		{78B11DDA-E8A3-10AA-D1C4-3C4A3DBCA1A0}.Release|Any CPU.Build.0 = Release|Any CPU
		{A9B9453B-A1FF-A1A4-D0DC-C23C181D8069}.Debug|Any CPU.ActiveCfg = Debug|Any CPU
		{A9B9453B-A1FF-A1A4-D0DC-C23C181D8069}.Debug|Any CPU.Build.0 = Debug|Any CPU
		{A9B9453B-A1FF-A1A4-D0DC-C23C181D8069}.Release|Any CPU.ActiveCfg = Release|Any CPU
		{A9B9453B-A1FF-A1A4-D0DC-C23C181D8069}.Release|Any CPU.Build.0 = Release|Any CPU
		{3AF4E4A6-01EE-DC58-6F3A-BCA8892F38E9}.Debug|Any CPU.ActiveCfg = Debug|Any CPU
		{3AF4E4A6-01EE-DC58-6F3A-BCA8892F38E9}.Debug|Any CPU.Build.0 = Debug|Any CPU
		{3AF4E4A6-01EE-DC58-6F3A-BCA8892F38E9}.Release|Any CPU.ActiveCfg = Release|Any CPU
		{3AF4E4A6-01EE-DC58-6F3A-BCA8892F38E9}.Release|Any CPU.Build.0 = Release|Any CPU
		{8213622B-FCD5-E006-F306-5AFC1497FDA8}.Debug|Any CPU.ActiveCfg = Debug|Any CPU
		{8213622B-FCD5-E006-F306-5AFC1497FDA8}.Debug|Any CPU.Build.0 = Debug|Any CPU
		{8213622B-FCD5-E006-F306-5AFC1497FDA8}.Release|Any CPU.ActiveCfg = Release|Any CPU
		{8213622B-FCD5-E006-F306-5AFC1497FDA8}.Release|Any CPU.Build.0 = Release|Any CPU
		{4AC919C2-7C0D-145A-78E5-80E2286BF4DE}.Debug|Any CPU.ActiveCfg = Debug|Any CPU
		{4AC919C2-7C0D-145A-78E5-80E2286BF4DE}.Debug|Any CPU.Build.0 = Debug|Any CPU
		{4AC919C2-7C0D-145A-78E5-80E2286BF4DE}.Release|Any CPU.ActiveCfg = Release|Any CPU
		{4AC919C2-7C0D-145A-78E5-80E2286BF4DE}.Release|Any CPU.Build.0 = Release|Any CPU
		{176D17EC-A95F-BE15-76A0-E8755B067188}.Debug|Any CPU.ActiveCfg = Debug|Any CPU
		{176D17EC-A95F-BE15-76A0-E8755B067188}.Debug|Any CPU.Build.0 = Debug|Any CPU
		{176D17EC-A95F-BE15-76A0-E8755B067188}.Release|Any CPU.ActiveCfg = Release|Any CPU
		{176D17EC-A95F-BE15-76A0-E8755B067188}.Release|Any CPU.Build.0 = Release|Any CPU
		{2A8FB5F4-3F42-29A0-501F-9C4A57268617}.Debug|Any CPU.ActiveCfg = Debug|Any CPU
		{2A8FB5F4-3F42-29A0-501F-9C4A57268617}.Debug|Any CPU.Build.0 = Debug|Any CPU
		{2A8FB5F4-3F42-29A0-501F-9C4A57268617}.Release|Any CPU.ActiveCfg = Release|Any CPU
		{2A8FB5F4-3F42-29A0-501F-9C4A57268617}.Release|Any CPU.Build.0 = Release|Any CPU
		{5814C2FE-C54E-7DBC-E550-AA2991865376}.Debug|Any CPU.ActiveCfg = Debug|Any CPU
		{5814C2FE-C54E-7DBC-E550-AA2991865376}.Debug|Any CPU.Build.0 = Debug|Any CPU
		{5814C2FE-C54E-7DBC-E550-AA2991865376}.Release|Any CPU.ActiveCfg = Release|Any CPU
		{5814C2FE-C54E-7DBC-E550-AA2991865376}.Release|Any CPU.Build.0 = Release|Any CPU
		{7BED7524-1D6D-3535-A309-F8FC453D048F}.Debug|Any CPU.ActiveCfg = Debug|Any CPU
		{7BED7524-1D6D-3535-A309-F8FC453D048F}.Debug|Any CPU.Build.0 = Debug|Any CPU
		{7BED7524-1D6D-3535-A309-F8FC453D048F}.Release|Any CPU.ActiveCfg = Release|Any CPU
		{7BED7524-1D6D-3535-A309-F8FC453D048F}.Release|Any CPU.Build.0 = Release|Any CPU
		{A8D38AA5-0026-5991-B97E-D6F8DF7369EE}.Debug|Any CPU.ActiveCfg = Debug|Any CPU
		{A8D38AA5-0026-5991-B97E-D6F8DF7369EE}.Debug|Any CPU.Build.0 = Debug|Any CPU
		{A8D38AA5-0026-5991-B97E-D6F8DF7369EE}.Release|Any CPU.ActiveCfg = Release|Any CPU
		{A8D38AA5-0026-5991-B97E-D6F8DF7369EE}.Release|Any CPU.Build.0 = Release|Any CPU
		{BEBCFA44-F1DE-A161-E453-6007F5CDF381}.Debug|Any CPU.ActiveCfg = Debug|Any CPU
		{BEBCFA44-F1DE-A161-E453-6007F5CDF381}.Debug|Any CPU.Build.0 = Debug|Any CPU
		{BEBCFA44-F1DE-A161-E453-6007F5CDF381}.Release|Any CPU.ActiveCfg = Release|Any CPU
		{BEBCFA44-F1DE-A161-E453-6007F5CDF381}.Release|Any CPU.Build.0 = Release|Any CPU
		{1775B54A-6A02-302A-F08A-444BE9F99ED4}.Debug|Any CPU.ActiveCfg = Debug|Any CPU
		{1775B54A-6A02-302A-F08A-444BE9F99ED4}.Debug|Any CPU.Build.0 = Debug|Any CPU
		{1775B54A-6A02-302A-F08A-444BE9F99ED4}.Release|Any CPU.ActiveCfg = Release|Any CPU
		{1775B54A-6A02-302A-F08A-444BE9F99ED4}.Release|Any CPU.Build.0 = Release|Any CPU
		{8E384466-92DE-F183-2EA4-827C045737DA}.Debug|Any CPU.ActiveCfg = Debug|Any CPU
		{8E384466-92DE-F183-2EA4-827C045737DA}.Debug|Any CPU.Build.0 = Debug|Any CPU
		{8E384466-92DE-F183-2EA4-827C045737DA}.Release|Any CPU.ActiveCfg = Release|Any CPU
		{8E384466-92DE-F183-2EA4-827C045737DA}.Release|Any CPU.Build.0 = Release|Any CPU
		{E8EB63B1-D3CC-B604-1106-FA1C09060DBC}.Debug|Any CPU.ActiveCfg = Debug|Any CPU
		{E8EB63B1-D3CC-B604-1106-FA1C09060DBC}.Debug|Any CPU.Build.0 = Debug|Any CPU
		{E8EB63B1-D3CC-B604-1106-FA1C09060DBC}.Release|Any CPU.ActiveCfg = Release|Any CPU
		{E8EB63B1-D3CC-B604-1106-FA1C09060DBC}.Release|Any CPU.Build.0 = Release|Any CPU
		{DBC37555-E17A-761D-E015-C17897111F3D}.Debug|Any CPU.ActiveCfg = Debug|Any CPU
		{DBC37555-E17A-761D-E015-C17897111F3D}.Debug|Any CPU.Build.0 = Debug|Any CPU
		{DBC37555-E17A-761D-E015-C17897111F3D}.Release|Any CPU.ActiveCfg = Release|Any CPU
		{DBC37555-E17A-761D-E015-C17897111F3D}.Release|Any CPU.Build.0 = Release|Any CPU
		{AE6B4576-23F6-1785-FCEC-53C649945A76}.Debug|Any CPU.ActiveCfg = Debug|Any CPU
		{AE6B4576-23F6-1785-FCEC-53C649945A76}.Debug|Any CPU.Build.0 = Debug|Any CPU
		{AE6B4576-23F6-1785-FCEC-53C649945A76}.Release|Any CPU.ActiveCfg = Release|Any CPU
		{AE6B4576-23F6-1785-FCEC-53C649945A76}.Release|Any CPU.Build.0 = Release|Any CPU
		{EFDD1DCF-F4AF-8B42-621A-6CDFE86C4740}.Debug|Any CPU.ActiveCfg = Debug|Any CPU
		{EFDD1DCF-F4AF-8B42-621A-6CDFE86C4740}.Debug|Any CPU.Build.0 = Debug|Any CPU
		{EFDD1DCF-F4AF-8B42-621A-6CDFE86C4740}.Release|Any CPU.ActiveCfg = Release|Any CPU
		{EFDD1DCF-F4AF-8B42-621A-6CDFE86C4740}.Release|Any CPU.Build.0 = Release|Any CPU
		{601F79CF-4050-03BB-89D5-DB9D5A4637CF}.Debug|Any CPU.ActiveCfg = Debug|Any CPU
		{601F79CF-4050-03BB-89D5-DB9D5A4637CF}.Debug|Any CPU.Build.0 = Debug|Any CPU
		{601F79CF-4050-03BB-89D5-DB9D5A4637CF}.Release|Any CPU.ActiveCfg = Release|Any CPU
		{601F79CF-4050-03BB-89D5-DB9D5A4637CF}.Release|Any CPU.Build.0 = Release|Any CPU
		{DB4AC1EC-83CD-C684-9B38-C3CF8BBAE62F}.Debug|Any CPU.ActiveCfg = Debug|Any CPU
		{DB4AC1EC-83CD-C684-9B38-C3CF8BBAE62F}.Debug|Any CPU.Build.0 = Debug|Any CPU
		{DB4AC1EC-83CD-C684-9B38-C3CF8BBAE62F}.Release|Any CPU.ActiveCfg = Release|Any CPU
		{DB4AC1EC-83CD-C684-9B38-C3CF8BBAE62F}.Release|Any CPU.Build.0 = Release|Any CPU
		{E16C63D8-78B0-290C-1A84-C8AB03422519}.Debug|Any CPU.ActiveCfg = Debug|Any CPU
		{E16C63D8-78B0-290C-1A84-C8AB03422519}.Debug|Any CPU.Build.0 = Debug|Any CPU
		{E16C63D8-78B0-290C-1A84-C8AB03422519}.Release|Any CPU.ActiveCfg = Release|Any CPU
		{E16C63D8-78B0-290C-1A84-C8AB03422519}.Release|Any CPU.Build.0 = Release|Any CPU
		{33A3A734-CAB9-27CD-88EE-E0A7FDA81225}.Debug|Any CPU.ActiveCfg = Debug|Any CPU
		{33A3A734-CAB9-27CD-88EE-E0A7FDA81225}.Debug|Any CPU.Build.0 = Debug|Any CPU
		{33A3A734-CAB9-27CD-88EE-E0A7FDA81225}.Release|Any CPU.ActiveCfg = Release|Any CPU
		{33A3A734-CAB9-27CD-88EE-E0A7FDA81225}.Release|Any CPU.Build.0 = Release|Any CPU
		{E9A5CC97-2B17-658D-4BE8-0DF087D0CEAA}.Debug|Any CPU.ActiveCfg = Debug|Any CPU
		{E9A5CC97-2B17-658D-4BE8-0DF087D0CEAA}.Debug|Any CPU.Build.0 = Debug|Any CPU
		{E9A5CC97-2B17-658D-4BE8-0DF087D0CEAA}.Release|Any CPU.ActiveCfg = Release|Any CPU
		{E9A5CC97-2B17-658D-4BE8-0DF087D0CEAA}.Release|Any CPU.Build.0 = Release|Any CPU
		{7F6D29C6-70FE-053E-D404-323B464F7F23}.Debug|Any CPU.ActiveCfg = Debug|Any CPU
		{7F6D29C6-70FE-053E-D404-323B464F7F23}.Debug|Any CPU.Build.0 = Debug|Any CPU
		{7F6D29C6-70FE-053E-D404-323B464F7F23}.Release|Any CPU.ActiveCfg = Release|Any CPU
		{7F6D29C6-70FE-053E-D404-323B464F7F23}.Release|Any CPU.Build.0 = Release|Any CPU
		{ABB6F1A1-0AB4-5C77-7DD9-DC84D96F3A82}.Debug|Any CPU.ActiveCfg = Debug|Any CPU
		{ABB6F1A1-0AB4-5C77-7DD9-DC84D96F3A82}.Debug|Any CPU.Build.0 = Debug|Any CPU
		{ABB6F1A1-0AB4-5C77-7DD9-DC84D96F3A82}.Release|Any CPU.ActiveCfg = Release|Any CPU
		{ABB6F1A1-0AB4-5C77-7DD9-DC84D96F3A82}.Release|Any CPU.Build.0 = Release|Any CPU
		{443E248B-C40C-81F8-0534-B8359C80E751}.Debug|Any CPU.ActiveCfg = Debug|Any CPU
		{443E248B-C40C-81F8-0534-B8359C80E751}.Debug|Any CPU.Build.0 = Debug|Any CPU
		{443E248B-C40C-81F8-0534-B8359C80E751}.Release|Any CPU.ActiveCfg = Release|Any CPU
		{443E248B-C40C-81F8-0534-B8359C80E751}.Release|Any CPU.Build.0 = Release|Any CPU
		{952DB47D-7D9D-2D97-09DB-8894AE2C3DD9}.Debug|Any CPU.ActiveCfg = Debug|Any CPU
		{952DB47D-7D9D-2D97-09DB-8894AE2C3DD9}.Debug|Any CPU.Build.0 = Debug|Any CPU
		{952DB47D-7D9D-2D97-09DB-8894AE2C3DD9}.Release|Any CPU.ActiveCfg = Release|Any CPU
		{952DB47D-7D9D-2D97-09DB-8894AE2C3DD9}.Release|Any CPU.Build.0 = Release|Any CPU
		{E8B59FF4-57ED-899F-9E40-BA862214583E}.Debug|Any CPU.ActiveCfg = Debug|Any CPU
		{E8B59FF4-57ED-899F-9E40-BA862214583E}.Debug|Any CPU.Build.0 = Debug|Any CPU
		{E8B59FF4-57ED-899F-9E40-BA862214583E}.Release|Any CPU.ActiveCfg = Release|Any CPU
		{E8B59FF4-57ED-899F-9E40-BA862214583E}.Release|Any CPU.Build.0 = Release|Any CPU
		{1FF1A966-A6CE-00C8-1CF4-FD6C59FF2EB4}.Debug|Any CPU.ActiveCfg = Debug|Any CPU
		{1FF1A966-A6CE-00C8-1CF4-FD6C59FF2EB4}.Debug|Any CPU.Build.0 = Debug|Any CPU
		{1FF1A966-A6CE-00C8-1CF4-FD6C59FF2EB4}.Release|Any CPU.ActiveCfg = Release|Any CPU
		{1FF1A966-A6CE-00C8-1CF4-FD6C59FF2EB4}.Release|Any CPU.Build.0 = Release|Any CPU
		{F9F5471D-E542-07A9-BB91-D78ADA7A1391}.Debug|Any CPU.ActiveCfg = Debug|Any CPU
		{F9F5471D-E542-07A9-BB91-D78ADA7A1391}.Debug|Any CPU.Build.0 = Debug|Any CPU
		{F9F5471D-E542-07A9-BB91-D78ADA7A1391}.Release|Any CPU.ActiveCfg = Release|Any CPU
		{F9F5471D-E542-07A9-BB91-D78ADA7A1391}.Release|Any CPU.Build.0 = Release|Any CPU
		{5F7BC60D-6DD6-4CB5-BCCE-08864492E5E2}.Debug|Any CPU.ActiveCfg = Debug|Any CPU
		{5F7BC60D-6DD6-4CB5-BCCE-08864492E5E2}.Debug|Any CPU.Build.0 = Debug|Any CPU
		{5F7BC60D-6DD6-4CB5-BCCE-08864492E5E2}.Release|Any CPU.ActiveCfg = Release|Any CPU
		{5F7BC60D-6DD6-4CB5-BCCE-08864492E5E2}.Release|Any CPU.Build.0 = Release|Any CPU
		{EC19D9F4-FB21-BF13-6D6B-2CF0F33A41C8}.Debug|Any CPU.ActiveCfg = Debug|Any CPU
		{EC19D9F4-FB21-BF13-6D6B-2CF0F33A41C8}.Debug|Any CPU.Build.0 = Debug|Any CPU
		{EC19D9F4-FB21-BF13-6D6B-2CF0F33A41C8}.Release|Any CPU.ActiveCfg = Release|Any CPU
		{EC19D9F4-FB21-BF13-6D6B-2CF0F33A41C8}.Release|Any CPU.Build.0 = Release|Any CPU
		{C8D7061D-3951-DA36-7DC0-0126246FFDA6}.Debug|Any CPU.ActiveCfg = Debug|Any CPU
		{C8D7061D-3951-DA36-7DC0-0126246FFDA6}.Debug|Any CPU.Build.0 = Debug|Any CPU
		{C8D7061D-3951-DA36-7DC0-0126246FFDA6}.Release|Any CPU.ActiveCfg = Release|Any CPU
		{C8D7061D-3951-DA36-7DC0-0126246FFDA6}.Release|Any CPU.Build.0 = Release|Any CPU
		{1C8FDA05-6F59-A98C-AE6B-5B53A9A75CF6}.Debug|Any CPU.ActiveCfg = Debug|Any CPU
		{1C8FDA05-6F59-A98C-AE6B-5B53A9A75CF6}.Debug|Any CPU.Build.0 = Debug|Any CPU
		{1C8FDA05-6F59-A98C-AE6B-5B53A9A75CF6}.Release|Any CPU.ActiveCfg = Release|Any CPU
		{1C8FDA05-6F59-A98C-AE6B-5B53A9A75CF6}.Release|Any CPU.Build.0 = Release|Any CPU
		{2A90F5C6-7BFF-81DD-9C17-DC78A7A26C11}.Debug|Any CPU.ActiveCfg = Debug|Any CPU
		{2A90F5C6-7BFF-81DD-9C17-DC78A7A26C11}.Debug|Any CPU.Build.0 = Debug|Any CPU
		{2A90F5C6-7BFF-81DD-9C17-DC78A7A26C11}.Release|Any CPU.ActiveCfg = Release|Any CPU
		{2A90F5C6-7BFF-81DD-9C17-DC78A7A26C11}.Release|Any CPU.Build.0 = Release|Any CPU
		{C4D2669C-C3CF-3426-D05F-E5D7E79AD1C5}.Debug|Any CPU.ActiveCfg = Debug|Any CPU
		{C4D2669C-C3CF-3426-D05F-E5D7E79AD1C5}.Debug|Any CPU.Build.0 = Debug|Any CPU
		{C4D2669C-C3CF-3426-D05F-E5D7E79AD1C5}.Release|Any CPU.ActiveCfg = Release|Any CPU
		{C4D2669C-C3CF-3426-D05F-E5D7E79AD1C5}.Release|Any CPU.Build.0 = Release|Any CPU
		{964666AB-79FA-F59B-E86D-B0942393A9BF}.Debug|Any CPU.ActiveCfg = Debug|Any CPU
		{964666AB-79FA-F59B-E86D-B0942393A9BF}.Debug|Any CPU.Build.0 = Debug|Any CPU
		{964666AB-79FA-F59B-E86D-B0942393A9BF}.Release|Any CPU.ActiveCfg = Release|Any CPU
		{964666AB-79FA-F59B-E86D-B0942393A9BF}.Release|Any CPU.Build.0 = Release|Any CPU
		{D3C03FDF-52F1-FE39-B895-0688AAB1A5F8}.Debug|Any CPU.ActiveCfg = Debug|Any CPU
		{D3C03FDF-52F1-FE39-B895-0688AAB1A5F8}.Debug|Any CPU.Build.0 = Debug|Any CPU
		{D3C03FDF-52F1-FE39-B895-0688AAB1A5F8}.Release|Any CPU.ActiveCfg = Release|Any CPU
		{D3C03FDF-52F1-FE39-B895-0688AAB1A5F8}.Release|Any CPU.Build.0 = Release|Any CPU
		{F770039B-E92A-F30C-E5EC-D1492FEEE194}.Debug|Any CPU.ActiveCfg = Debug|Any CPU
		{F770039B-E92A-F30C-E5EC-D1492FEEE194}.Debug|Any CPU.Build.0 = Debug|Any CPU
		{F770039B-E92A-F30C-E5EC-D1492FEEE194}.Release|Any CPU.ActiveCfg = Release|Any CPU
		{F770039B-E92A-F30C-E5EC-D1492FEEE194}.Release|Any CPU.Build.0 = Release|Any CPU
		{5974AA4F-8582-329A-6A73-F96DAB447D24}.Debug|Any CPU.ActiveCfg = Debug|Any CPU
		{5974AA4F-8582-329A-6A73-F96DAB447D24}.Debug|Any CPU.Build.0 = Debug|Any CPU
		{5974AA4F-8582-329A-6A73-F96DAB447D24}.Release|Any CPU.ActiveCfg = Release|Any CPU
		{5974AA4F-8582-329A-6A73-F96DAB447D24}.Release|Any CPU.Build.0 = Release|Any CPU
		{7971D425-632E-FF5F-A6BF-C6C08837E6F9}.Debug|Any CPU.ActiveCfg = Debug|Any CPU
		{7971D425-632E-FF5F-A6BF-C6C08837E6F9}.Debug|Any CPU.Build.0 = Debug|Any CPU
		{7971D425-632E-FF5F-A6BF-C6C08837E6F9}.Release|Any CPU.ActiveCfg = Release|Any CPU
		{7971D425-632E-FF5F-A6BF-C6C08837E6F9}.Release|Any CPU.Build.0 = Release|Any CPU
		{0CDD947C-0C3D-3A66-5C9C-755EC9921339}.Debug|Any CPU.ActiveCfg = Debug|Any CPU
		{0CDD947C-0C3D-3A66-5C9C-755EC9921339}.Debug|Any CPU.Build.0 = Debug|Any CPU
		{0CDD947C-0C3D-3A66-5C9C-755EC9921339}.Release|Any CPU.ActiveCfg = Release|Any CPU
		{0CDD947C-0C3D-3A66-5C9C-755EC9921339}.Release|Any CPU.Build.0 = Release|Any CPU
		{E6A4BCC4-34F7-A8CA-3F4F-B04EC7D162E4}.Debug|Any CPU.ActiveCfg = Debug|Any CPU
		{E6A4BCC4-34F7-A8CA-3F4F-B04EC7D162E4}.Debug|Any CPU.Build.0 = Debug|Any CPU
		{E6A4BCC4-34F7-A8CA-3F4F-B04EC7D162E4}.Release|Any CPU.ActiveCfg = Release|Any CPU
		{E6A4BCC4-34F7-A8CA-3F4F-B04EC7D162E4}.Release|Any CPU.Build.0 = Release|Any CPU
		{5CD011A0-295E-29F1-2E41-18C31456D842}.Debug|Any CPU.ActiveCfg = Debug|Any CPU
		{5CD011A0-295E-29F1-2E41-18C31456D842}.Debug|Any CPU.Build.0 = Debug|Any CPU
		{5CD011A0-295E-29F1-2E41-18C31456D842}.Release|Any CPU.ActiveCfg = Release|Any CPU
		{5CD011A0-295E-29F1-2E41-18C31456D842}.Release|Any CPU.Build.0 = Release|Any CPU
		{2F949671-BF14-D11F-0B59-5670E93C6963}.Debug|Any CPU.ActiveCfg = Debug|Any CPU
		{2F949671-BF14-D11F-0B59-5670E93C6963}.Debug|Any CPU.Build.0 = Debug|Any CPU
		{2F949671-BF14-D11F-0B59-5670E93C6963}.Release|Any CPU.ActiveCfg = Release|Any CPU
		{2F949671-BF14-D11F-0B59-5670E93C6963}.Release|Any CPU.Build.0 = Release|Any CPU
		{11E4EA3F-53DE-0849-CFDF-4A2FD6F1D711}.Debug|Any CPU.ActiveCfg = Debug|Any CPU
		{11E4EA3F-53DE-0849-CFDF-4A2FD6F1D711}.Debug|Any CPU.Build.0 = Debug|Any CPU
		{11E4EA3F-53DE-0849-CFDF-4A2FD6F1D711}.Release|Any CPU.ActiveCfg = Release|Any CPU
		{11E4EA3F-53DE-0849-CFDF-4A2FD6F1D711}.Release|Any CPU.Build.0 = Release|Any CPU
		{9D1BDBC5-2A20-F09D-2005-11318EFC1330}.Debug|Any CPU.ActiveCfg = Debug|Any CPU
		{9D1BDBC5-2A20-F09D-2005-11318EFC1330}.Debug|Any CPU.Build.0 = Debug|Any CPU
		{9D1BDBC5-2A20-F09D-2005-11318EFC1330}.Release|Any CPU.ActiveCfg = Release|Any CPU
		{9D1BDBC5-2A20-F09D-2005-11318EFC1330}.Release|Any CPU.Build.0 = Release|Any CPU
	EndGlobalSection
	GlobalSection(SolutionProperties) = preSolution
		HideSolutionNode = FALSE
	EndGlobalSection
EndGlobal
